
Microsoft Visual Studio Solution File, Format Version 12.00
Project("{FAE04EC0-301F-11D3-BF4B-00C04F79EFBC}") = "XUnitHelloWorld", "XUnitHelloWorld\XUnitHelloWorld.csproj", "{74146E9B-D3E6-4867-ACB5-D630A7C3B1D6}"
EndProject
Project("{2150E333-8FDC-42A3-9474-1A3956D46DE8}") = "root", "root", "{3E4E1539-D3FD-41D1-B41A-FF040383E08E}"
ProjectSection(SolutionItems) = preProject
	Dockerfile = Dockerfile
	Jenkinsfile = Jenkinsfile
EndProjectSection
EndProject
Global
	GlobalSection(SolutionConfigurationPlatforms) = preSolution
		Debug|Any CPU = Debug|Any CPU
		Release|Any CPU = Release|Any CPU
	EndGlobalSection
	GlobalSection(ProjectConfigurationPlatforms) = postSolution
		{74146E9B-D3E6-4867-ACB5-D630A7C3B1D6}.Debug|Any CPU.ActiveCfg = Debug|Any CPU
		{74146E9B-D3E6-4867-ACB5-D630A7C3B1D6}.Debug|Any CPU.Build.0 = Debug|Any CPU
		{74146E9B-D3E6-4867-ACB5-D630A7C3B1D6}.Release|Any CPU.ActiveCfg = Release|Any CPU
		{74146E9B-D3E6-4867-ACB5-D630A7C3B1D6}.Release|Any CPU.Build.0 = Release|Any CPU
	EndGlobalSection
EndGlobal
